
Microsoft Visual Studio Solution File, Format Version 12.00
# Visual Studio Version 17
VisualStudioVersion = 17.9.34723.18
MinimumVisualStudioVersion = 10.0.40219.1
Project("{FAE04EC0-301F-11D3-BF4B-00C04F79EFBC}") = "DemoAdv01", "DemoAdv01\DemoAdv01.csproj", "{D1651424-5584-4923-A389-7EBD38F468BE}"
EndProject
Global
	GlobalSection(SolutionConfigurationPlatforms) = preSolution
		Debug|Any CPU = Debug|Any CPU
		Release|Any CPU = Release|Any CPU
	EndGlobalSection
	GlobalSection(ProjectConfigurationPlatforms) = postSolution
		{D1651424-5584-4923-A389-7EBD38F468BE}.Debug|Any CPU.ActiveCfg = Debug|Any CPU
		{D1651424-5584-4923-A389-7EBD38F468BE}.Debug|Any CPU.Build.0 = Debug|Any CPU
		{D1651424-5584-4923-A389-7EBD38F468BE}.Release|Any CPU.ActiveCfg = Release|Any CPU
		{D1651424-5584-4923-A389-7EBD38F468BE}.Release|Any CPU.Build.0 = Release|Any CPU
	EndGlobalSection
	GlobalSection(SolutionProperties) = preSolution
		HideSolutionNode = FALSE
	EndGlobalSection
	GlobalSection(ExtensibilityGlobals) = postSolution
		SolutionGuid = {B1F71F39-D762-4C3E-A334-D5C232271BAC}
	EndGlobalSection
EndGlobal
